
Microsoft Visual Studio Solution File, Format Version 12.00
# Visual Studio Version 17
VisualStudioVersion = 17.11.35222.181
MinimumVisualStudioVersion = 10.0.40219.1
Project("{FAE04EC0-301F-11D3-BF4B-00C04F79EFBC}") = "BookStoreApp.Web", "BookStoreApp\BookStoreApp.Web.csproj", "{6E78B774-4E00-4E9C-962D-6EEFB06959B7}"
EndProject
Project("{FAE04EC0-301F-11D3-BF4B-00C04F79EFBC}") = "BookStoreApp.Domain", "BookStoreApp.Domain\BookStoreApp.Domain.csproj", "{C757AB76-67E0-439E-B040-3A17C4175ED5}"
EndProject
Project("{FAE04EC0-301F-11D3-BF4B-00C04F79EFBC}") = "BookStoreApp.Repository", "BookStoreApp.Repository\BookStoreApp.Repository.csproj", "{A52A9678-4386-4CE1-B170-F45E3A106B5A}"
EndProject
Project("{FAE04EC0-301F-11D3-BF4B-00C04F79EFBC}") = "BookStoreApp.Service", "BookStoreApp.Service\BookStoreApp.Service.csproj", "{F2EDDA67-407C-40C9-A23C-21059C6BB444}"
EndProject
Global
	GlobalSection(SolutionConfigurationPlatforms) = preSolution
		Debug|Any CPU = Debug|Any CPU
		Release|Any CPU = Release|Any CPU
	EndGlobalSection
	GlobalSection(ProjectConfigurationPlatforms) = postSolution
		{6E78B774-4E00-4E9C-962D-6EEFB06959B7}.Debug|Any CPU.ActiveCfg = Debug|Any CPU
		{6E78B774-4E00-4E9C-962D-6EEFB06959B7}.Debug|Any CPU.Build.0 = Debug|Any CPU
		{6E78B774-4E00-4E9C-962D-6EEFB06959B7}.Release|Any CPU.ActiveCfg = Release|Any CPU
		{6E78B774-4E00-4E9C-962D-6EEFB06959B7}.Release|Any CPU.Build.0 = Release|Any CPU
		{C757AB76-67E0-439E-B040-3A17C4175ED5}.Debug|Any CPU.ActiveCfg = Debug|Any CPU
		{C757AB76-67E0-439E-B040-3A17C4175ED5}.Debug|Any CPU.Build.0 = Debug|Any CPU
		{C757AB76-67E0-439E-B040-3A17C4175ED5}.Release|Any CPU.ActiveCfg = Release|Any CPU
		{C757AB76-67E0-439E-B040-3A17C4175ED5}.Release|Any CPU.Build.0 = Release|Any CPU
		{A52A9678-4386-4CE1-B170-F45E3A106B5A}.Debug|Any CPU.ActiveCfg = Debug|Any CPU
		{A52A9678-4386-4CE1-B170-F45E3A106B5A}.Debug|Any CPU.Build.0 = Debug|Any CPU
		{A52A9678-4386-4CE1-B170-F45E3A106B5A}.Release|Any CPU.ActiveCfg = Release|Any CPU
		{A52A9678-4386-4CE1-B170-F45E3A106B5A}.Release|Any CPU.Build.0 = Release|Any CPU
		{F2EDDA67-407C-40C9-A23C-21059C6BB444}.Debug|Any CPU.ActiveCfg = Debug|Any CPU
		{F2EDDA67-407C-40C9-A23C-21059C6BB444}.Debug|Any CPU.Build.0 = Debug|Any CPU
		{F2EDDA67-407C-40C9-A23C-21059C6BB444}.Release|Any CPU.ActiveCfg = Release|Any CPU
		{F2EDDA67-407C-40C9-A23C-21059C6BB444}.Release|Any CPU.Build.0 = Release|Any CPU
	EndGlobalSection
	GlobalSection(SolutionProperties) = preSolution
		HideSolutionNode = FALSE
	EndGlobalSection
	GlobalSection(ExtensibilityGlobals) = postSolution
		SolutionGuid = {94DA9457-A2A6-4EC9-B3F0-23B41BCE4283}
	EndGlobalSection
EndGlobal
